# This file may be used to create an environment using:
# $ conda create --name <env> --file <this file>
# platform: linux-64
# created-by: conda 26.3.2
@EXPLICIT
https://conda.anaconda.org/conda-forge/linux-64/git-lfs-3.7.1-hd3da7ce_2.conda
https://conda.anaconda.org/conda-forge/noarch/ca-certificates-2026.7.22-hbd8a1cb_0.conda
https://conda.anaconda.org/conda-forge/noarch/cuda-version-12.9-h4f385c5_3.conda
https://conda.anaconda.org/conda-forge/noarch/font-ttf-dejavu-sans-mono-2.37-hab24e00_0.tar.bz2
https://conda.anaconda.org/conda-forge/noarch/font-ttf-inconsolata-3.000-h77eed37_0.tar.bz2
https://conda.anaconda.org/conda-forge/noarch/font-ttf-source-code-pro-2.038-h77eed37_0.tar.bz2
https://conda.anaconda.org/conda-forge/noarch/font-ttf-ubuntu-0.83-h77eed37_3.conda
https://conda.anaconda.org/conda-forge/linux-64/libglvnd-1.7.0-ha4b6fd6_3.conda
https://conda.anaconda.org/conda-forge/linux-64/libgomp-16.1.0-he0feb66_0.conda
https://conda.anaconda.org/conda-forge/linux-64/libzlib-1.3.2-h25fd6f3_2.conda
https://conda.anaconda.org/conda-forge/noarch/python_abi-3.10-8_cp310.conda
https://conda.anaconda.org/conda-forge/noarch/tzdata-2026c-h151e31d_0.conda
https://conda.anaconda.org/conda-forge/linux-64/_openmp_mutex-4.5-20_gnu.conda
https://conda.anaconda.org/conda-forge/linux-64/cuda-crt-tools-12.9.86-ha770c72_2.conda
https://conda.anaconda.org/conda-forge/noarch/cuda-cudart_linux-64-12.9.79-h3f2d84a_0.conda
https://conda.anaconda.org/conda-forge/noarch/fonts-conda-forge-1-hc364b38_1.conda
https://conda.anaconda.org/conda-forge/linux-64/libegl-1.7.0-ha4b6fd6_3.conda
https://conda.anaconda.org/conda-forge/linux-64/libopengl-1.7.0-ha4b6fd6_3.conda
https://conda.anaconda.org/conda-forge/linux-64/zlib-1.3.2-h25fd6f3_2.conda
https://conda.anaconda.org/conda-forge/linux-64/zstd-1.5.7-hb78ec9c_6.conda
https://conda.anaconda.org/conda-forge/noarch/fonts-conda-ecosystem-1-0.tar.bz2
https://conda.anaconda.org/conda-forge/linux-64/ld_impl_linux-64-2.46.1-default_hbd61a6d_102.conda
https://conda.anaconda.org/conda-forge/linux-64/libgcc-16.1.0-ha9f2e26_0.conda
https://conda.anaconda.org/conda-forge/linux-64/alsa-lib-1.2.16.1-hb03c661_0.conda
https://conda.anaconda.org/conda-forge/linux-64/bzip2-1.0.8-hda65f42_9.conda
https://conda.anaconda.org/conda-forge/linux-64/c-ares-1.34.8-hb03c661_0.conda
https://conda.anaconda.org/conda-forge/linux-64/cuda-nvvm-tools-12.9.86-h4bc722e_2.conda
https://conda.anaconda.org/conda-forge/linux-64/giflib-5.2.2-ha257d8a_1.conda
https://conda.anaconda.org/conda-forge/linux-64/keyutils-1.6.3-hb9d3cd8_0.conda
https://conda.anaconda.org/conda-forge/linux-64/libattr-2.5.2-hb03c661_1.conda
https://conda.anaconda.org/conda-forge/linux-64/libbrotlicommon-1.1.0-hb03c661_4.conda
https://conda.anaconda.org/conda-forge/linux-64/libcap-2.78-hd0affe5_0.conda
https://conda.anaconda.org/conda-forge/linux-64/libdeflate-1.25-h17f619e_0.conda
https://conda.anaconda.org/conda-forge/linux-64/libexpat-2.8.1-hecca717_1.conda
https://conda.anaconda.org/conda-forge/linux-64/libffi-3.7.0-h3435931_0.conda
https://conda.anaconda.org/conda-forge/linux-64/libgcc-ng-16.1.0-h69a702a_0.conda
https://conda.anaconda.org/conda-forge/linux-64/libgfortran5-16.1.0-h79bb938_0.conda
https://conda.anaconda.org/conda-forge/linux-64/libiconv-1.18-h3b78370_2.conda
https://conda.anaconda.org/conda-forge/linux-64/libjpeg-turbo-3.2.0-hb03c661_0.conda
https://conda.anaconda.org/conda-forge/linux-64/liblzma-5.8.3-hb03c661_0.conda
https://conda.anaconda.org/conda-forge/linux-64/libnl-3.11.0-hb9d3cd8_0.conda
https://conda.anaconda.org/conda-forge/linux-64/libnsl-2.0.1-hb9d3cd8_1.conda
https://conda.anaconda.org/conda-forge/linux-64/libpciaccess-0.19-hb03c661_0.conda
https://conda.anaconda.org/conda-forge/linux-64/libpng-1.6.58-h421ea60_0.conda
https://conda.anaconda.org/conda-forge/linux-64/libsqlite-3.53.4-h0c1763c_0.conda
https://conda.anaconda.org/conda-forge/linux-64/libstdcxx-16.1.0-h934c35e_0.conda
https://conda.anaconda.org/conda-forge/linux-64/libutf8proc-2.8.0-hf23e847_1.conda
https://conda.anaconda.org/conda-forge/linux-64/libuuid-2.42.2-h5347b49_0.conda
https://conda.anaconda.org/conda-forge/linux-64/libwebp-base-1.6.0-hd42ef1d_0.conda
https://conda.anaconda.org/conda-forge/linux-64/ncurses-6.6-hdb14827_0.conda
https://conda.anaconda.org/conda-forge/linux-64/openssl-3.6.3-h35e630c_0.conda
https://conda.anaconda.org/conda-forge/linux-64/pthread-stubs-0.4-hb9d3cd8_1002.conda
https://conda.anaconda.org/conda-forge/linux-64/tk-8.6.13-noxft_hd70dff1_3.conda
https://conda.anaconda.org/conda-forge/linux-64/xorg-libice-1.1.2-hb9d3cd8_0.conda
https://conda.anaconda.org/conda-forge/linux-64/xorg-libxau-1.0.12-hb03c661_1.conda
https://conda.anaconda.org/conda-forge/linux-64/xorg-libxdmcp-1.1.5-hb03c661_1.conda
https://conda.anaconda.org/conda-forge/linux-64/yaml-0.2.5-h280c20c_3.conda
https://conda.anaconda.org/conda-forge/linux-64/attr-2.5.2-hb03c661_1.conda
https://conda.anaconda.org/conda-forge/linux-64/aws-c-common-0.9.12-hd590300_0.conda
https://conda.anaconda.org/conda-forge/linux-64/cuda-cudart-12.9.79-h5888daf_0.conda
https://conda.anaconda.org/conda-forge/linux-64/cuda-nvcc-tools-12.9.86-he02047a_2.conda
https://conda.anaconda.org/conda-forge/linux-64/cuda-nvrtc-12.9.86-hecca717_1.conda
https://conda.anaconda.org/conda-forge/linux-64/cuda-nvtx-12.9.79-hecca717_1.conda
https://conda.anaconda.org/conda-forge/linux-64/double-conversion-3.3.1-h5888daf_0.conda
https://conda.anaconda.org/conda-forge/linux-64/expat-2.8.1-hecca717_1.conda
https://conda.anaconda.org/conda-forge/linux-64/geos-3.14.1-h480dda7_0.conda
https://conda.anaconda.org/conda-forge/linux-64/gflags-2.2.2-h5888daf_1005.conda
https://conda.anaconda.org/conda-forge/linux-64/graphite2-1.3.15-hecca717_0.conda
https://conda.anaconda.org/conda-forge/linux-64/lerc-4.2.0-hdb68285_0.conda
https://conda.anaconda.org/conda-forge/linux-64/libaec-1.1.5-h088129d_0.conda
https://conda.anaconda.org/conda-forge/linux-64/libbrotlidec-1.1.0-hb03c661_4.conda
https://conda.anaconda.org/conda-forge/linux-64/libbrotlienc-1.1.0-hb03c661_4.conda
https://conda.anaconda.org/conda-forge/linux-64/libcufft-11.4.1.4-hecca717_1.conda
https://conda.anaconda.org/conda-forge/linux-64/libcurand-10.3.10.19-h676940d_1.conda
https://conda.anaconda.org/conda-forge/linux-64/libdrm-2.4.127-hb03c661_0.conda
https://conda.anaconda.org/conda-forge/linux-64/libedit-3.1.20250104-pl5321h7949ede_0.conda
https://conda.anaconda.org/conda-forge/linux-64/libev-4.33-hd590300_2.conda
https://conda.anaconda.org/conda-forge/linux-64/libevent-2.1.12-hf998b51_1.conda
https://conda.anaconda.org/conda-forge/linux-64/libfreetype6-2.14.3-h73754d4_0.conda
https://conda.anaconda.org/conda-forge/linux-64/libgfortran-16.1.0-h69a702a_0.conda
https://conda.anaconda.org/conda-forge/linux-64/libglu-9.0.3-h5888daf_1.conda
https://conda.anaconda.org/conda-forge/linux-64/liblzma-devel-5.8.3-hb03c661_0.conda
https://conda.anaconda.org/conda-forge/linux-64/libnvjitlink-12.9.86-hecca717_2.conda
https://conda.anaconda.org/conda-forge/linux-64/libssh2-1.11.1-hcf80075_0.conda
https://conda.anaconda.org/conda-forge/linux-64/libstdcxx-ng-16.1.0-hdf11a46_0.conda
https://conda.anaconda.org/conda-forge/linux-64/libsystemd0-261.1-h6f4a2f1_0.conda
https://conda.anaconda.org/conda-forge/linux-64/libudev1-261.1-h6f4a2f1_0.conda
https://conda.anaconda.org/conda-forge/linux-64/libudunits2-2.2.28-h40f5838_3.conda
https://conda.anaconda.org/conda-forge/linux-64/libxcb-1.17.0-h8a09558_0.conda
https://conda.anaconda.org/conda-forge/linux-64/libxcrypt-4.4.36-hd590300_1.conda
https://conda.anaconda.org/conda-forge/linux-64/libzip-1.11.2-h6991a6a_0.conda
https://conda.anaconda.org/conda-forge/linux-64/nccl-2.30.7.1-h4d09622_0.conda
https://conda.anaconda.org/conda-forge/linux-64/pcre2-10.43-hcad00b1_0.conda
https://conda.anaconda.org/conda-forge/linux-64/pixman-0.46.4-h54a6638_2.conda
https://conda.anaconda.org/conda-forge/linux-64/readline-8.3-h853b02a_0.conda
https://conda.anaconda.org/conda-forge/linux-64/s2n-1.4.1-h06160fa_0.conda
https://conda.anaconda.org/conda-forge/linux-64/xorg-libsm-1.2.6-he73a12e_0.conda
https://conda.anaconda.org/conda-forge/linux-64/xz-gpl-tools-5.8.3-ha02ee65_0.conda
https://conda.anaconda.org/conda-forge/linux-64/xz-tools-5.8.3-hb03c661_0.conda
https://conda.anaconda.org/conda-forge/linux-64/zlib-ng-2.3.3-hceb46e0_1.conda
https://conda.anaconda.org/conda-forge/linux-64/aws-c-cal-0.6.9-h14ec70c_3.conda
https://conda.anaconda.org/conda-forge/linux-64/aws-c-compression-0.2.17-h572eabf_8.conda
https://conda.anaconda.org/conda-forge/linux-64/aws-c-sdkutils-0.1.13-h572eabf_1.conda
https://conda.anaconda.org/conda-forge/linux-64/aws-checksums-0.1.17-h572eabf_7.conda
https://conda.anaconda.org/conda-forge/linux-64/brotli-bin-1.1.0-hb03c661_4.conda
https://conda.anaconda.org/conda-forge/linux-64/flatbuffers-23.5.26-h59595ed_1.conda
https://conda.anaconda.org/conda-forge/linux-64/glog-0.6.0-h6f12383_0.tar.bz2
https://conda.anaconda.org/conda-forge/linux-64/hdf4-4.2.15-h2a13503_7.conda
https://conda.anaconda.org/conda-forge/linux-64/icu-73.2-h59595ed_0.conda
https://conda.anaconda.org/conda-forge/linux-64/krb5-1.21.3-h659f571_0.conda
https://conda.anaconda.org/conda-forge/linux-64/libabseil-20230802.1-cxx17_h59595ed_0.conda
https://conda.anaconda.org/conda-forge/linux-64/libcrc32c-1.1.2-h9c3ff4c_0.tar.bz2
https://conda.anaconda.org/conda-forge/linux-64/libcublas-12.9.2.10-h676940d_0.conda
https://conda.anaconda.org/conda-forge/linux-64/libcusparse-12.5.10.65-hecca717_2.conda
https://conda.anaconda.org/conda-forge/linux-64/libfreetype-2.14.3-ha770c72_0.conda
https://conda.anaconda.org/conda-forge/linux-64/libglib-2.80.2-hf974151_0.conda
https://conda.anaconda.org/conda-forge/linux-64/libnghttp2-1.68.1-h877daf1_0.conda
https://conda.anaconda.org/conda-forge/linux-64/libopenblas-0.3.33-pthreads_h94d23a6_0.conda
https://conda.anaconda.org/conda-forge/linux-64/libthrift-0.19.0-hb90f79a_1.conda
https://conda.anaconda.org/conda-forge/linux-64/libtiff-4.7.2-h9d88235_0.conda
https://conda.anaconda.org/conda-forge/linux-64/lz4-c-1.9.4-hcb278e6_0.conda
https://conda.anaconda.org/conda-forge/linux-64/mysql-common-8.3.0-h70512c7_5.conda
https://conda.anaconda.org/conda-forge/linux-64/mysql-connector-c-6.1.11-h659d440_1008.conda
https://conda.anaconda.org/conda-forge/linux-64/python-3.10.20-h267e890_1_cpython.conda
https://conda.anaconda.org/conda-forge/linux-64/qhull-2020.2-h434a139_5.conda
https://conda.anaconda.org/conda-forge/linux-64/rdma-core-63.0-h192683f_1.conda
https://conda.anaconda.org/conda-forge/linux-64/snappy-1.1.10-hdb0a2a9_1.conda
https://conda.anaconda.org/conda-forge/linux-64/sqlite-3.53.4-hbc0de68_0.conda
https://conda.anaconda.org/conda-forge/linux-64/udunits2-2.2.28-h40f5838_3.conda
https://conda.anaconda.org/conda-forge/linux-64/wayland-1.23.1-h3e06ad9_0.conda
https://conda.anaconda.org/conda-forge/linux-64/xcb-util-0.4.1-h4f16b4b_2.conda
https://conda.anaconda.org/conda-forge/linux-64/xcb-util-keysyms-0.4.1-hb711507_0.conda
https://conda.anaconda.org/conda-forge/linux-64/xcb-util-renderutil-0.3.10-hb711507_0.conda
https://conda.anaconda.org/conda-forge/linux-64/xcb-util-wm-0.4.2-hb711507_0.conda
https://conda.anaconda.org/conda-forge/linux-64/xorg-libx11-1.8.13-he1eb515_0.conda
https://conda.anaconda.org/conda-forge/linux-64/xz-5.8.3-ha02ee65_0.conda
https://conda.anaconda.org/conda-forge/noarch/absl-py-2.5.0-pyhd8ed1ab_0.conda
https://conda.anaconda.org/conda-forge/noarch/aiohappyeyeballs-2.7.1-pyhd8ed1ab_0.conda
https://conda.anaconda.org/conda-forge/noarch/asciitree-0.3.3-py_2.tar.bz2
https://conda.anaconda.org/conda-forge/noarch/async-timeout-5.0.1-pyhcf101f3_2.conda
https://conda.anaconda.org/conda-forge/noarch/attrs-26.1.0-pyhcf101f3_0.conda
https://conda.anaconda.org/conda-forge/linux-64/aws-c-io-0.14.0-hf8f278a_1.conda
https://conda.anaconda.org/conda-forge/linux-64/backports.zstd-1.6.0-py310h69bd2ac_0.conda
https://conda.anaconda.org/conda-forge/noarch/blinker-1.9.0-pyhff2d567_0.conda
https://repo.anaconda.com/pkgs/main/linux-64/blosc-1.21.6-hf7d4471_0.conda
https://conda.anaconda.org/conda-forge/linux-64/brotli-1.1.0-hb03c661_4.conda
https://repo.anaconda.com/pkgs/main/linux-64/brotli-python-1.2.0-py310h3dd09e2_0.conda
https://conda.anaconda.org/conda-forge/noarch/cached_property-1.5.2-pyha770c72_2.conda
https://conda.anaconda.org/conda-forge/noarch/certifi-2026.7.22-pyhd8ed1ab_0.conda
https://conda.anaconda.org/conda-forge/noarch/charset-normalizer-3.4.9-pyhd8ed1ab_0.conda
https://conda.anaconda.org/conda-forge/noarch/click-8.4.2-pyhc90fa1f_0.conda
https://conda.anaconda.org/conda-forge/noarch/cloudpickle-3.1.2-pyhcf101f3_1.conda
https://conda.anaconda.org/conda-forge/linux-64/cudnn-8.9.7.29-h092f7fd_3.conda
https://conda.anaconda.org/conda-forge/noarch/cycler-0.12.1-pyhcf101f3_2.conda
https://conda.anaconda.org/conda-forge/linux-64/dbus-1.13.6-h5008d03_3.tar.bz2
https://conda.anaconda.org/conda-forge/noarch/fasteners-0.20-pyhd8ed1ab_0.conda
https://conda.anaconda.org/conda-forge/linux-64/fontconfig-2.18.2-h27c8c51_0.conda
https://conda.anaconda.org/conda-forge/linux-64/freetype-2.14.3-ha770c72_0.conda
https://conda.anaconda.org/conda-forge/linux-64/frozenlist-1.8.0-py310h9548a50_0.conda
https://conda.anaconda.org/conda-forge/noarch/fsspec-2026.6.0-pyhd8ed1ab_0.conda
https://conda.anaconda.org/conda-forge/noarch/gast-0.7.0-pyhd8ed1ab_0.conda
https://conda.anaconda.org/conda-forge/noarch/hpack-4.2.0-pyhd8ed1ab_0.conda
https://conda.anaconda.org/conda-forge/noarch/hyperframe-6.1.0-pyhd8ed1ab_0.conda
https://conda.anaconda.org/conda-forge/noarch/idna-3.18-pyhcf101f3_0.conda
https://conda.anaconda.org/conda-forge/noarch/jmespath-1.1.0-pyhcf101f3_1.conda
https://conda.anaconda.org/conda-forge/noarch/keras-2.15.0-pyhd8ed1ab_0.conda
https://conda.anaconda.org/conda-forge/linux-64/kiwisolver-1.5.0-py310haaf941d_0.conda
https://conda.anaconda.org/conda-forge/linux-64/lcms2-2.19.1-h0c24ade_1.conda
https://conda.anaconda.org/conda-forge/linux-64/libblas-3.11.0-8_h4a7cf45_openblas.conda
https://conda.anaconda.org/conda-forge/linux-64/libcups-2.3.3-hb8b1518_5.conda
https://conda.anaconda.org/conda-forge/linux-64/libcurl-8.18.0-h4e3cde8_0.conda
https://conda.anaconda.org/conda-forge/linux-64/libcusolver-11.7.5.82-h676940d_2.conda
https://conda.anaconda.org/conda-forge/linux-64/libglx-1.7.0-ha4b6fd6_3.conda
https://conda.anaconda.org/conda-forge/linux-64/libpq-16.12-hc183893_0.conda
https://conda.anaconda.org/conda-forge/linux-64/libprotobuf-4.24.4-hf27288f_0.conda
https://conda.anaconda.org/conda-forge/linux-64/libre2-11-2023.09.01-h7a70373_1.conda
https://repo.anaconda.com/pkgs/main/linux-64/libxml2-2.13.9-h2c43086_0.conda
https://conda.anaconda.org/conda-forge/linux-64/llvmlite-0.48.0-py310hfa4cad4_1.conda
https://conda.anaconda.org/conda-forge/noarch/locket-1.0.0-pyhd8ed1ab_0.tar.bz2
https://conda.anaconda.org/conda-forge/linux-64/lz4-4.3.3-py310hb259640_1.conda
https://conda.anaconda.org/conda-forge/linux-64/markupsafe-3.0.3-py310h3406613_1.conda
https://conda.anaconda.org/conda-forge/linux-64/msgpack-python-1.2.1-py310haaf941d_1.conda
https://conda.anaconda.org/conda-forge/noarch/munkres-1.1.4-pyhd8ed1ab_1.conda
https://conda.anaconda.org/conda-forge/linux-64/mysql-libs-8.3.0-ha479ceb_5.conda
https://conda.anaconda.org/conda-forge/noarch/narwhals-2.24.0-pyhcf101f3_0.conda
https://conda.anaconda.org/conda-forge/noarch/networkx-3.4.2-pyh267e887_2.conda
https://conda.anaconda.org/conda-forge/linux-64/openblas-0.3.33-pthreads_h6ec200e_0.conda
https://conda.anaconda.org/conda-forge/linux-64/openjpeg-2.5.4-h55fea9a_0.conda
https://conda.anaconda.org/conda-forge/noarch/opt_einsum-3.4.0-pyhd8ed1ab_1.conda
https://conda.anaconda.org/conda-forge/noarch/packaging-26.2-pyhc364b38_0.conda
https://conda.anaconda.org/conda-forge/linux-64/propcache-0.5.2-py310h3406613_0.conda
https://conda.anaconda.org/conda-forge/linux-64/psutil-7.2.2-py310h139afa4_0.conda
https://conda.anaconda.org/conda-forge/noarch/pyasn1-0.6.4-pyhcf101f3_0.conda
https://conda.anaconda.org/conda-forge/noarch/pycparser-3.0-pyhcf101f3_0.conda
https://conda.anaconda.org/conda-forge/noarch/pyparsing-3.3.2-pyhcf101f3_0.conda
https://conda.anaconda.org/conda-forge/noarch/pyshp-3.1.6-pyhcf101f3_0.conda
https://conda.anaconda.org/conda-forge/noarch/pysocks-1.7.1-pyha55dd90_7.conda
https://conda.anaconda.org/conda-forge/noarch/python-flatbuffers-25.12.19-pyh9d96877_0.conda
https://conda.anaconda.org/conda-forge/noarch/python-tzdata-2026.3-pyhd8ed1ab_0.conda
https://conda.anaconda.org/conda-forge/noarch/pytz-2026.3.post1-pyhcf101f3_0.conda
https://conda.anaconda.org/conda-forge/linux-64/pyyaml-6.0.3-py310h3406613_1.conda
https://conda.anaconda.org/conda-forge/noarch/setuptools-83.0.0-pyh332efcf_0.conda
https://conda.anaconda.org/conda-forge/noarch/six-1.17.0-pyhe01879c_1.conda
https://conda.anaconda.org/conda-forge/noarch/sortedcontainers-2.4.0-pyhd8ed1ab_1.conda
https://conda.anaconda.org/conda-forge/noarch/tblib-3.2.2-pyhcf101f3_0.conda
https://conda.anaconda.org/conda-forge/linux-64/tensorboard-data-server-0.7.0-py310hf0f1799_4.conda
https://conda.anaconda.org/conda-forge/noarch/termcolor-3.3.0-pyhd8ed1ab_0.conda
https://conda.anaconda.org/conda-forge/noarch/toolz-1.1.0-pyhd8ed1ab_1.conda
https://conda.anaconda.org/conda-forge/linux-64/tornado-6.5.7-py310h7c4b9e2_0.conda
https://conda.anaconda.org/conda-forge/noarch/tqdm-4.70.0-pyh8f84b5b_0.conda
https://conda.anaconda.org/conda-forge/noarch/typing_extensions-4.16.0-pyhcf101f3_0.conda
https://conda.anaconda.org/conda-forge/linux-64/ucx-1.15.0-hda83522_8.conda
https://conda.anaconda.org/conda-forge/linux-64/unicodedata2-17.0.1-py310h7c4b9e2_0.conda
https://conda.anaconda.org/conda-forge/linux-64/wrapt-1.14.1-py310h5764c6d_1.tar.bz2
https://conda.anaconda.org/conda-forge/linux-64/xcb-util-image-0.4.0-hb711507_2.conda
https://conda.anaconda.org/conda-forge/linux-64/xkeyboard-config-2.48-h280c20c_0.conda
https://conda.anaconda.org/conda-forge/linux-64/xorg-libxext-1.3.7-hb03c661_0.conda
https://conda.anaconda.org/conda-forge/linux-64/xorg-libxfixes-6.0.2-hb03c661_0.conda
https://conda.anaconda.org/conda-forge/linux-64/xorg-libxrender-0.9.12-hb9d3cd8_0.conda
https://conda.anaconda.org/conda-forge/noarch/xyzservices-2026.3.0-pyhd8ed1ab_0.conda
https://conda.anaconda.org/conda-forge/noarch/zict-3.0.0-pyhd8ed1ab_1.conda
https://conda.anaconda.org/conda-forge/noarch/zipp-4.1.0-pyhcf101f3_0.conda
https://conda.anaconda.org/conda-forge/noarch/aiosignal-1.4.0-pyhd8ed1ab_0.conda
https://conda.anaconda.org/conda-forge/noarch/astunparse-1.6.3-pyhd8ed1ab_3.conda
https://conda.anaconda.org/conda-forge/linux-64/aws-c-event-stream-0.4.1-h97bb272_2.conda
https://conda.anaconda.org/conda-forge/linux-64/aws-c-http-0.8.0-h9129f04_2.conda
https://conda.anaconda.org/conda-forge/noarch/cached-property-1.5.2-hd8ed1ab_2.conda
https://conda.anaconda.org/conda-forge/linux-64/cairo-1.18.0-hbb29018_2.conda
https://repo.anaconda.com/pkgs/main/linux-64/cffi-2.0.0-py310h4eded50_1.conda
https://conda.anaconda.org/conda-forge/linux-64/cytoolz-1.1.0-py310h7c4b9e2_2.conda
https://conda.anaconda.org/conda-forge/noarch/fire-0.7.1-pyhd8ed1ab_0.conda
https://conda.anaconda.org/conda-forge/linux-64/fonttools-4.63.0-py310h3406613_0.conda
https://conda.anaconda.org/conda-forge/noarch/google-pasta-0.2.0-pyhd8ed1ab_2.conda
https://conda.anaconda.org/conda-forge/noarch/h2-4.4.0-pyhcf101f3_0.conda
https://conda.anaconda.org/conda-forge/linux-64/hdf5-1.14.6-nompi_h19486de_106.conda
https://conda.anaconda.org/conda-forge/noarch/importlib-metadata-9.0.0-pyhcf101f3_0.conda
https://conda.anaconda.org/conda-forge/noarch/jinja2-3.1.6-pyhcf101f3_1.conda
https://conda.anaconda.org/conda-forge/noarch/joblib-1.5.3-pyhd8ed1ab_0.conda
https://conda.anaconda.org/conda-forge/noarch/lazy-loader-0.5-pyhd8ed1ab_0.conda
https://conda.anaconda.org/conda-forge/linux-64/libcblas-3.11.0-8_h0358290_openblas.conda
https://conda.anaconda.org/conda-forge/linux-64/libgl-1.7.0-ha4b6fd6_3.conda
https://conda.anaconda.org/conda-forge/linux-64/liblapack-3.11.0-8_h47877c9_openblas.conda
https://conda.anaconda.org/conda-forge/linux-64/libllvm15-15.0.7-ha7bfdaf_5.conda
https://conda.anaconda.org/conda-forge/linux-64/libllvm18-18.1.8-default_hddf928d_9.conda
https://repo.anaconda.com/pkgs/main/linux-64/libllvm22-22.1.2-hfb1d434_0.conda
https://conda.anaconda.org/conda-forge/linux-64/libxkbcommon-1.11.0-he8b52b9_0.conda
https://conda.anaconda.org/conda-forge/linux-64/libxslt-1.1.43-h7a3aeb2_0.conda
https://conda.anaconda.org/conda-forge/linux-64/nceplibs-g2c-2.3.0-h8288008_0.conda
https://conda.anaconda.org/conda-forge/linux-64/nceplibs-ip-5.4.1-hcd4882c_0.conda
https://conda.anaconda.org/conda-forge/linux-64/orc-1.9.2-h4b38347_0.conda
https://conda.anaconda.org/conda-forge/noarch/partd-1.4.2-pyhd8ed1ab_0.conda
https://conda.anaconda.org/conda-forge/linux-64/pillow-12.3.0-py310h5a73078_0.conda
https://conda.anaconda.org/conda-forge/linux-64/proj-9.6.2-h18fbb6c_2.conda
https://conda.anaconda.org/conda-forge/linux-64/protobuf-4.24.4-py310h620c231_0.conda
https://conda.anaconda.org/conda-forge/noarch/pyasn1-modules-0.4.2-pyhd8ed1ab_0.conda
https://conda.anaconda.org/conda-forge/noarch/pyjwt-2.13.0-pyhcf101f3_0.conda
https://conda.anaconda.org/conda-forge/noarch/python-dateutil-2.9.0.post0-pyhe01879c_2.conda
https://conda.anaconda.org/conda-forge/noarch/pyu2f-0.1.5-pyhd8ed1ab_1.conda
https://conda.anaconda.org/conda-forge/linux-64/re2-2023.09.01-h7f4b329_1.conda
https://conda.anaconda.org/conda-forge/noarch/rsa-4.9.1-pyhd8ed1ab_0.conda
https://conda.anaconda.org/conda-forge/noarch/typing-extensions-4.16.0-h69aa097_0.conda
https://conda.anaconda.org/conda-forge/noarch/werkzeug-3.1.8-pyhcf101f3_0.conda
https://conda.anaconda.org/conda-forge/noarch/wheel-0.47.0-pyhd8ed1ab_0.conda
https://conda.anaconda.org/conda-forge/linux-64/xcb-util-cursor-0.1.6-hb03c661_0.conda
https://conda.anaconda.org/conda-forge/linux-64/xorg-libxi-1.8.3-hb03c661_0.conda
https://conda.anaconda.org/conda-forge/linux-64/xorg-libxxf86vm-1.1.7-hb03c661_0.conda
https://conda.anaconda.org/conda-forge/linux-64/aws-c-auth-0.7.11-h0b4cabd_1.conda
https://conda.anaconda.org/conda-forge/linux-64/aws-c-mqtt-0.10.1-h2b97f5f_0.conda
https://conda.anaconda.org/conda-forge/linux-64/cryptography-49.0.0-py310hb288b08_0.conda
https://conda.anaconda.org/conda-forge/noarch/dask-core-2026.1.2-pyhcf101f3_0.conda
https://conda.anaconda.org/conda-forge/linux-64/freeglut-3.2.2-h215f996_4.conda
https://conda.anaconda.org/conda-forge/linux-64/g2clib-2.3.0-ha770c72_0.conda
https://conda.anaconda.org/conda-forge/linux-64/harfbuzz-9.0.0-hfac3d4d_0.conda
https://conda.anaconda.org/conda-forge/linux-64/libclang-cpp18.1-18.1.8-default_h99862b1_18.conda
https://conda.anaconda.org/conda-forge/linux-64/libclang13-22.1.0-default_h746c552_0.conda
https://conda.anaconda.org/conda-forge/linux-64/libgrpc-1.59.3-hd6c4280_0.conda
https://conda.anaconda.org/conda-forge/linux-64/libnetcdf-4.9.3-nompi_h81b047f_102.conda
https://conda.anaconda.org/conda-forge/noarch/markdown-3.10.2-pyhcf101f3_0.conda
https://conda.anaconda.org/conda-forge/linux-64/multidict-6.7.1-py310h3406613_0.conda
https://conda.anaconda.org/conda-forge/linux-64/numpy-1.26.4-py310hb13e2d6_0.conda
https://conda.anaconda.org/conda-forge/noarch/pip-26.1.2-pyh8b19718_0.conda
https://conda.anaconda.org/conda-forge/linux-64/pyproj-3.7.1-py310h71d0299_1.conda
https://conda.anaconda.org/conda-forge/noarch/urllib3-2.7.0-pyhd8ed1ab_0.conda
https://conda.anaconda.org/conda-forge/linux-64/aws-c-s3-0.4.9-hca09fc5_0.conda
https://conda.anaconda.org/conda-forge/noarch/botocore-1.43.57-pyhd8ed1ab_0.conda
https://conda.anaconda.org/conda-forge/linux-64/bottleneck-1.6.0-np2py310h99de88f_3.conda
https://conda.anaconda.org/conda-forge/linux-64/cftime-1.6.5-py310hf779ad0_1.conda
https://conda.anaconda.org/conda-forge/linux-64/contourpy-1.3.2-py310h3788b33_0.conda
https://conda.anaconda.org/conda-forge/noarch/distributed-2026.1.2-pyhcf101f3_1.conda
https://conda.anaconda.org/conda-forge/linux-64/grib2io-2.7.0-py310hf779ad0_1.conda
https://conda.anaconda.org/conda-forge/linux-64/grpcio-1.59.3-py310h1b8f574_0.conda
https://conda.anaconda.org/conda-forge/linux-64/h5py-3.16.0-nompi_py310h4aa865e_102.conda
https://conda.anaconda.org/conda-forge/noarch/imageio-2.37.0-pyhfb79c49_0.conda
https://conda.anaconda.org/conda-forge/linux-64/jasper-4.2.9-h1588d4d_1.conda
https://conda.anaconda.org/conda-forge/linux-64/libgoogle-cloud-2.12.0-h5206363_4.conda
https://conda.anaconda.org/conda-forge/linux-64/ml_dtypes-0.2.0-py310hcc13569_2.conda
https://conda.anaconda.org/conda-forge/linux-64/netcdf-fortran-4.6.2-nompi_h90de81b_102.conda
https://conda.anaconda.org/conda-forge/linux-64/numba-0.66.0-py310h1039bb9_0.conda
https://conda.anaconda.org/conda-forge/linux-64/numcodecs-0.13.1-py310h5eaa309_0.conda
https://conda.anaconda.org/conda-forge/noarch/oauthlib-3.3.1-pyhd8ed1ab_0.conda
https://conda.anaconda.org/conda-forge/linux-64/pandas-2.3.3-py310h0158d43_2.conda
https://conda.anaconda.org/conda-forge/noarch/patsy-1.0.2-pyhcf101f3_0.conda
https://conda.anaconda.org/conda-forge/linux-64/pywavelets-1.8.0-py310hf462985_0.conda
https://conda.anaconda.org/conda-forge/linux-64/qt6-main-6.7.2-h7d13b96_3.conda
https://conda.anaconda.org/conda-forge/noarch/requests-2.34.2-pyhcf101f3_0.conda
https://conda.anaconda.org/conda-forge/linux-64/scipy-1.15.2-py310h1d65ade_0.conda
https://conda.anaconda.org/conda-forge/linux-64/shapely-2.1.2-py310hc8bbb35_2.conda
https://repo.anaconda.com/pkgs/main/linux-64/tifffile-2025.2.18-py310h06a4308_0.conda
https://conda.anaconda.org/conda-forge/linux-64/wgrib2-2.0.5-2.tar.bz2
https://conda.anaconda.org/conda-forge/linux-64/yarl-1.24.5-py310h3406613_0.conda
https://conda.anaconda.org/conda-forge/linux-64/aiohttp-3.14.3-py310h31b6992_0.conda
https://conda.anaconda.org/conda-forge/linux-64/aws-crt-cpp-0.26.0-h04327c0_8.conda
https://conda.anaconda.org/conda-forge/noarch/bokeh-3.9.2-pyhd8ed1ab_0.conda
https://conda.anaconda.org/conda-forge/linux-64/cf-units-3.3.0-py310hf779ad0_1.conda
https://conda.anaconda.org/conda-forge/linux-64/eccodes-2.46.0-h83bc92c_0.conda
https://conda.anaconda.org/conda-forge/linux-64/esmf-8.9.1-nompi_h8d4c64c_0.conda
https://conda.anaconda.org/conda-forge/noarch/h5netcdf-1.8.1-pyhd8ed1ab_0.conda
https://conda.anaconda.org/conda-forge/linux-64/matplotlib-base-3.10.9-py310hfde16b3_0.conda
https://conda.anaconda.org/conda-forge/linux-64/netcdf4-1.7.4-nompi_py310hd27e1a9_102.conda
https://conda.anaconda.org/conda-forge/linux-64/pyside6-6.7.2-py310hfd10a26_4.conda
https://conda.anaconda.org/conda-forge/noarch/requests-oauthlib-2.0.0-pyhd8ed1ab_1.conda
https://conda.anaconda.org/conda-forge/noarch/s3transfer-0.19.2-pyhd8ed1ab_0.conda
https://conda.anaconda.org/conda-forge/linux-64/scikit-image-0.25.2-py310h0158d43_2.conda
https://conda.anaconda.org/conda-forge/noarch/sparse-0.17.0-pyhcf101f3_0.conda
https://conda.anaconda.org/conda-forge/linux-64/statsmodels-0.14.6-py310hf779ad0_0.conda
https://conda.anaconda.org/conda-forge/noarch/xarray-2025.6.1-pyhd8ed1ab_1.conda
https://conda.anaconda.org/conda-forge/noarch/zarr-2.18.3-pyhd8ed1ab_1.conda
https://conda.anaconda.org/conda-forge/linux-64/aws-sdk-cpp-1.11.210-hba3e011_10.conda
https://conda.anaconda.org/conda-forge/noarch/boto3-1.43.57-pyhd8ed1ab_0.conda
https://conda.anaconda.org/conda-forge/linux-64/cartopy-0.25.0-py310h0158d43_1.conda
https://conda.anaconda.org/conda-forge/noarch/cf_xarray-0.10.6-pyhd8ed1ab_0.conda
https://conda.anaconda.org/conda-forge/noarch/esmpy-8.9.1-pyhdfbf58e_0.conda
https://conda.anaconda.org/conda-forge/noarch/google-auth-2.56.2-pyhcf101f3_0.conda
https://conda.anaconda.org/conda-forge/linux-64/matplotlib-3.10.9-py310hff52083_0.conda
https://conda.anaconda.org/conda-forge/linux-64/pygrib-2.1.8-py310hee9cf97_0.conda
https://conda.anaconda.org/conda-forge/noarch/seaborn-base-0.13.2-pyhd8ed1ab_3.conda
https://conda.anaconda.org/conda-forge/noarch/google-auth-oauthlib-1.4.0-pyhd8ed1ab_0.conda
https://conda.anaconda.org/conda-forge/linux-64/libarrow-15.0.0-h84dd17c_0_cpu.conda
https://conda.anaconda.org/conda-forge/noarch/seaborn-0.13.2-hd8ed1ab_3.conda
https://conda.anaconda.org/conda-forge/noarch/xesmf-0.8.10-pyhd8ed1ab_0.conda
https://conda.anaconda.org/conda-forge/linux-64/libarrow-acero-15.0.0-h59595ed_0_cpu.conda
https://conda.anaconda.org/conda-forge/linux-64/libarrow-flight-15.0.0-h120cb0d_0_cpu.conda
https://conda.anaconda.org/conda-forge/linux-64/libarrow-gandiva-15.0.0-hacb8726_0_cpu.conda
https://conda.anaconda.org/conda-forge/linux-64/libparquet-15.0.0-h352af49_0_cpu.conda
https://conda.anaconda.org/conda-forge/noarch/tensorboard-2.15.2-pyhd8ed1ab_0.conda
https://conda.anaconda.org/conda-forge/linux-64/libarrow-dataset-15.0.0-h59595ed_0_cpu.conda
https://conda.anaconda.org/conda-forge/linux-64/libarrow-flight-sql-15.0.0-h61ff412_0_cpu.conda
https://conda.anaconda.org/conda-forge/linux-64/tensorflow-base-2.15.0-cuda120py310heceb7ac_3.conda
https://conda.anaconda.org/conda-forge/linux-64/libarrow-substrait-15.0.0-h61ff412_0_cpu.conda
https://conda.anaconda.org/conda-forge/linux-64/tensorflow-estimator-2.15.0-cuda120py310h549c77d_3.conda
https://conda.anaconda.org/conda-forge/linux-64/pyarrow-15.0.0-py310hf9e7431_0_cpu.conda
https://conda.anaconda.org/conda-forge/linux-64/tensorflow-2.15.0-cuda120py310h9360858_3.conda
https://conda.anaconda.org/conda-forge/noarch/dask-2026.1.2-pyhcf101f3_0.conda
